
Microsoft Visual Studio Solution File, Format Version 12.00
# Visual Studio 15
VisualStudioVersion = 15.0.27428.2037
MinimumVisualStudioVersion = 10.0.40219.1
Project("{FAE04EC0-301F-11D3-BF4B-00C04F79EFBC}") = "01.NameSelectors", "SeleniumSelectors\01.NameSelectors.csproj", "{92BBDDA6-FB07-43FF-A1A5-9CC5946E282A}"
EndProject
Project("{FAE04EC0-301F-11D3-BF4B-00C04F79EFBC}") = "02.IDSelectors", "02.IDSelectors\02.IDSelectors.csproj", "{A7CBB6F3-F1FF-422B-AB3D-B3B6BB5C4BE9}"
EndProject
Project("{FAE04EC0-301F-11D3-BF4B-00C04F79EFBC}") = "03. Class Name", "02. Class Name\03. Class Name.csproj", "{B4C9CE59-C433-474F-B226-11685955BFD5}"
EndProject
Project("{FAE04EC0-301F-11D3-BF4B-00C04F79EFBC}") = "common", "common\common.csproj", "{A3ED8534-119F-488D-B14E-B3605B7829C4}"
EndProject
Project("{FAE04EC0-301F-11D3-BF4B-00C04F79EFBC}") = "04. CSS and X Path", "03.1 Class Name 2\04. CSS and X Path.csproj", "{843E7041-6BDB-49CC-B454-31E777F00594}"
EndProject
Project("{FAE04EC0-301F-11D3-BF4B-00C04F79EFBC}") = "UnitTestProject1", "UnitTestProject1\UnitTestProject1.csproj", "{61ED3252-B6C8-447E-883D-670783646830}"
EndProject
Project("{FAE04EC0-301F-11D3-BF4B-00C04F79EFBC}") = "04.1-LoopEx", "04.1-LoopEx\04.1-LoopEx.csproj", "{BD39CD61-FF8B-4639-B540-FFF9849A016E}"
EndProject
Project("{FAE04EC0-301F-11D3-BF4B-00C04F79EFBC}") = "042-CSSEx", "042-CSSEx\042-CSSEx.csproj", "{C6E40919-D3BB-4676-9E0A-609569BD0B76}"
EndProject
Global
	GlobalSection(SolutionConfigurationPlatforms) = preSolution
		Debug|Any CPU = Debug|Any CPU
		Release|Any CPU = Release|Any CPU
	EndGlobalSection
	GlobalSection(ProjectConfigurationPlatforms) = postSolution
		{92BBDDA6-FB07-43FF-A1A5-9CC5946E282A}.Debug|Any CPU.ActiveCfg = Debug|Any CPU
		{92BBDDA6-FB07-43FF-A1A5-9CC5946E282A}.Debug|Any CPU.Build.0 = Debug|Any CPU
		{92BBDDA6-FB07-43FF-A1A5-9CC5946E282A}.Release|Any CPU.ActiveCfg = Release|Any CPU
		{92BBDDA6-FB07-43FF-A1A5-9CC5946E282A}.Release|Any CPU.Build.0 = Release|Any CPU
		{A7CBB6F3-F1FF-422B-AB3D-B3B6BB5C4BE9}.Debug|Any CPU.ActiveCfg = Debug|Any CPU
		{A7CBB6F3-F1FF-422B-AB3D-B3B6BB5C4BE9}.Debug|Any CPU.Build.0 = Debug|Any CPU
		{A7CBB6F3-F1FF-422B-AB3D-B3B6BB5C4BE9}.Release|Any CPU.ActiveCfg = Release|Any CPU
		{A7CBB6F3-F1FF-422B-AB3D-B3B6BB5C4BE9}.Release|Any CPU.Build.0 = Release|Any CPU
		{B4C9CE59-C433-474F-B226-11685955BFD5}.Debug|Any CPU.ActiveCfg = Debug|Any CPU
		{B4C9CE59-C433-474F-B226-11685955BFD5}.Debug|Any CPU.Build.0 = Debug|Any CPU
		{B4C9CE59-C433-474F-B226-11685955BFD5}.Release|Any CPU.ActiveCfg = Release|Any CPU
		{B4C9CE59-C433-474F-B226-11685955BFD5}.Release|Any CPU.Build.0 = Release|Any CPU
		{A3ED8534-119F-488D-B14E-B3605B7829C4}.Debug|Any CPU.ActiveCfg = Debug|Any CPU
		{A3ED8534-119F-488D-B14E-B3605B7829C4}.Debug|Any CPU.Build.0 = Debug|Any CPU
		{A3ED8534-119F-488D-B14E-B3605B7829C4}.Release|Any CPU.ActiveCfg = Release|Any CPU
		{A3ED8534-119F-488D-B14E-B3605B7829C4}.Release|Any CPU.Build.0 = Release|Any CPU
		{843E7041-6BDB-49CC-B454-31E777F00594}.Debug|Any CPU.ActiveCfg = Debug|Any CPU
		{843E7041-6BDB-49CC-B454-31E777F00594}.Debug|Any CPU.Build.0 = Debug|Any CPU
		{843E7041-6BDB-49CC-B454-31E777F00594}.Release|Any CPU.ActiveCfg = Release|Any CPU
		{843E7041-6BDB-49CC-B454-31E777F00594}.Release|Any CPU.Build.0 = Release|Any CPU
		{61ED3252-B6C8-447E-883D-670783646830}.Debug|Any CPU.ActiveCfg = Debug|Any CPU
		{61ED3252-B6C8-447E-883D-670783646830}.Debug|Any CPU.Build.0 = Debug|Any CPU
		{61ED3252-B6C8-447E-883D-670783646830}.Release|Any CPU.ActiveCfg = Release|Any CPU
		{61ED3252-B6C8-447E-883D-670783646830}.Release|Any CPU.Build.0 = Release|Any CPU
		{BD39CD61-FF8B-4639-B540-FFF9849A016E}.Debug|Any CPU.ActiveCfg = Debug|Any CPU
		{BD39CD61-FF8B-4639-B540-FFF9849A016E}.Debug|Any CPU.Build.0 = Debug|Any CPU
		{BD39CD61-FF8B-4639-B540-FFF9849A016E}.Release|Any CPU.ActiveCfg = Release|Any CPU
		{BD39CD61-FF8B-4639-B540-FFF9849A016E}.Release|Any CPU.Build.0 = Release|Any CPU
		{C6E40919-D3BB-4676-9E0A-609569BD0B76}.Debug|Any CPU.ActiveCfg = Debug|Any CPU
		{C6E40919-D3BB-4676-9E0A-609569BD0B76}.Debug|Any CPU.Build.0 = Debug|Any CPU
		{C6E40919-D3BB-4676-9E0A-609569BD0B76}.Release|Any CPU.ActiveCfg = Release|Any CPU
		{C6E40919-D3BB-4676-9E0A-609569BD0B76}.Release|Any CPU.Build.0 = Release|Any CPU
	EndGlobalSection
	GlobalSection(SolutionProperties) = preSolution
		HideSolutionNode = FALSE
	EndGlobalSection
	GlobalSection(ExtensibilityGlobals) = postSolution
		SolutionGuid = {7CD85CE3-EFA6-4019-A71E-D8B7FE7794EC}
	EndGlobalSection
EndGlobal
