
Microsoft Visual Studio Solution File, Format Version 12.00
# Visual Studio 15
VisualStudioVersion = 15.0.27428.2037
MinimumVisualStudioVersion = 10.0.40219.1
Project("{FAE04EC0-301F-11D3-BF4B-00C04F79EFBC}") = "01.NameSelectors", "SeleniumSelectors\01.NameSelectors.csproj", "{92BBDDA6-FB07-43FF-A1A5-9CC5946E282A}"
EndProject
Project("{FAE04EC0-301F-11D3-BF4B-00C04F79EFBC}") = "02.IDSelectors", "02.IDSelectors\02.IDSelectors.csproj", "{A7CBB6F3-F1FF-422B-AB3D-B3B6BB5C4BE9}"
EndProject
Project("{FAE04EC0-301F-11D3-BF4B-00C04F79EFBC}") = "03. Class Name", "02. Class Name\03. Class Name.csproj", "{B4C9CE59-C433-474F-B226-11685955BFD5}"
EndProject
Project("{FAE04EC0-301F-11D3-BF4B-00C04F79EFBC}") = "common", "common\common.csproj", "{A3ED8534-119F-488D-B14E-B3605B7829C4}"
EndProject
Project("{FAE04EC0-301F-11D3-BF4B-00C04F79EFBC}") = "04. CSS and X Path", "03.1 Class Name 2\04. CSS and X Path.csproj", "{843E7041-6BDB-49CC-B454-31E777F00594}"
EndProject
Project("{FAE04EC0-301F-11D3-BF4B-00C04F79EFBC}") = "UnitTestProject1", "UnitTestProject1\UnitTestProject1.csproj", "{61ED3252-B6C8-447E-883D-670783646830}"
EndProject
Project("{FAE04EC0-301F-11D3-BF4B-00C04F79EFBC}") = "04.1-LoopEx", "04.1-LoopEx\04.1-LoopEx.csproj", "{BD39CD61-FF8B-4639-B540-FFF9849A016E}"
EndProject
Project("{FAE04EC0-301F-11D3-BF4B-00C04F79EFBC}") = "ForBL2", "042-CSSEx\ForBL2.csproj", "{C6E40919-D3BB-4676-9E0A-609569BD0B76}"
EndProject
Project("{FAE04EC0-301F-11D3-BF4B-00C04F79EFBC}") = "ForMS", "ForMS\ForMS.csproj", "{5F1FB77B-DEAC-4098-9522-164E635D1C2B}"
EndProject
Project("{FAE04EC0-301F-11D3-BF4B-00C04F79EFBC}") = "ForBL", "ForBL\ForBL.csproj", "{C5E5DD1D-B953-4FF6-B8AA-41B02BE9C609}"
EndProject
Project("{FAE04EC0-301F-11D3-BF4B-00C04F79EFBC}") = "04. DropDownMenu", "04. DropDownMenu\04. DropDownMenu.csproj", "{B3B3E828-1D4C-4005-9190-D58A1176267E}"
EndProject
Project("{FAE04EC0-301F-11D3-BF4B-00C04F79EFBC}") = "CSSEx", "043-CSSEx\CSSEx.csproj", "{3268CBB8-1E06-4A9A-B0C3-B9BEC20A1DC2}"
EndProject
Project("{FAE04EC0-301F-11D3-BF4B-00C04F79EFBC}") = "ForMSIW", "ForMSIW\ForMSIW.csproj", "{A5E95504-6C7A-4043-8A08-1E6291EA3235}"
EndProject
Project("{FAE04EC0-301F-11D3-BF4B-00C04F79EFBC}") = "common2", "common2\common2.csproj", "{E0AF9447-BF2E-4C64-91AB-D87AC303211C}"
EndProject
Project("{FAE04EC0-301F-11D3-BF4B-00C04F79EFBC}") = "ForMSIW-FW", "ForMSIW-FW\ForMSIW-FW.csproj", "{0056C10F-E875-4BF5-B784-7D09F2E00173}"
EndProject
Project("{FAE04EC0-301F-11D3-BF4B-00C04F79EFBC}") = "MSIWSWCA", "MSIWSWCA\MSIWSWCA.csproj", "{0DBA86A5-D737-421A-B9FF-C42F26CD8C2F}"
EndProject
Project("{FAE04EC0-301F-11D3-BF4B-00C04F79EFBC}") = "ForMSIW-SW-UKDEFR", "ForMSIW-SW-UKDEFR\ForMSIW-SW-UKDEFR.csproj", "{D7072991-57EC-4C68-B3D5-D1B6D33CD05B}"
EndProject
Project("{FAE04EC0-301F-11D3-BF4B-00C04F79EFBC}") = "IWUk", "IWUk\IWUk.csproj", "{11F557B3-6C0A-45CC-B8BD-A4BFF98040E0}"
EndProject
Project("{FAE04EC0-301F-11D3-BF4B-00C04F79EFBC}") = "IWDe", "IWDe\IWDe.csproj", "{87FE2285-ECFF-4DF7-A12E-DABA5EAC0D94}"
EndProject
Project("{FAE04EC0-301F-11D3-BF4B-00C04F79EFBC}") = "IWFr", "IWFr\IWFr.csproj", "{851E8EBB-B67E-4385-B72E-9DEBDD67A590}"
EndProject
Project("{FAE04EC0-301F-11D3-BF4B-00C04F79EFBC}") = "IWCa", "IWCa\IWCa.csproj", "{8C5EDBA7-9F63-4979-8EF9-F9A473A654DE}"
EndProject
Global
	GlobalSection(SolutionConfigurationPlatforms) = preSolution
		Debug|Any CPU = Debug|Any CPU
		Release|Any CPU = Release|Any CPU
	EndGlobalSection
	GlobalSection(ProjectConfigurationPlatforms) = postSolution
		{92BBDDA6-FB07-43FF-A1A5-9CC5946E282A}.Debug|Any CPU.ActiveCfg = Debug|Any CPU
		{92BBDDA6-FB07-43FF-A1A5-9CC5946E282A}.Debug|Any CPU.Build.0 = Debug|Any CPU
		{92BBDDA6-FB07-43FF-A1A5-9CC5946E282A}.Release|Any CPU.ActiveCfg = Release|Any CPU
		{92BBDDA6-FB07-43FF-A1A5-9CC5946E282A}.Release|Any CPU.Build.0 = Release|Any CPU
		{A7CBB6F3-F1FF-422B-AB3D-B3B6BB5C4BE9}.Debug|Any CPU.ActiveCfg = Debug|Any CPU
		{A7CBB6F3-F1FF-422B-AB3D-B3B6BB5C4BE9}.Debug|Any CPU.Build.0 = Debug|Any CPU
		{A7CBB6F3-F1FF-422B-AB3D-B3B6BB5C4BE9}.Release|Any CPU.ActiveCfg = Release|Any CPU
		{A7CBB6F3-F1FF-422B-AB3D-B3B6BB5C4BE9}.Release|Any CPU.Build.0 = Release|Any CPU
		{B4C9CE59-C433-474F-B226-11685955BFD5}.Debug|Any CPU.ActiveCfg = Debug|Any CPU
		{B4C9CE59-C433-474F-B226-11685955BFD5}.Debug|Any CPU.Build.0 = Debug|Any CPU
		{B4C9CE59-C433-474F-B226-11685955BFD5}.Release|Any CPU.ActiveCfg = Release|Any CPU
		{B4C9CE59-C433-474F-B226-11685955BFD5}.Release|Any CPU.Build.0 = Release|Any CPU
		{A3ED8534-119F-488D-B14E-B3605B7829C4}.Debug|Any CPU.ActiveCfg = Debug|Any CPU
		{A3ED8534-119F-488D-B14E-B3605B7829C4}.Debug|Any CPU.Build.0 = Debug|Any CPU
		{A3ED8534-119F-488D-B14E-B3605B7829C4}.Release|Any CPU.ActiveCfg = Release|Any CPU
		{A3ED8534-119F-488D-B14E-B3605B7829C4}.Release|Any CPU.Build.0 = Release|Any CPU
		{843E7041-6BDB-49CC-B454-31E777F00594}.Debug|Any CPU.ActiveCfg = Debug|Any CPU
		{843E7041-6BDB-49CC-B454-31E777F00594}.Debug|Any CPU.Build.0 = Debug|Any CPU
		{843E7041-6BDB-49CC-B454-31E777F00594}.Release|Any CPU.ActiveCfg = Release|Any CPU
		{843E7041-6BDB-49CC-B454-31E777F00594}.Release|Any CPU.Build.0 = Release|Any CPU
		{61ED3252-B6C8-447E-883D-670783646830}.Debug|Any CPU.ActiveCfg = Debug|Any CPU
		{61ED3252-B6C8-447E-883D-670783646830}.Debug|Any CPU.Build.0 = Debug|Any CPU
		{61ED3252-B6C8-447E-883D-670783646830}.Release|Any CPU.ActiveCfg = Release|Any CPU
		{61ED3252-B6C8-447E-883D-670783646830}.Release|Any CPU.Build.0 = Release|Any CPU
		{BD39CD61-FF8B-4639-B540-FFF9849A016E}.Debug|Any CPU.ActiveCfg = Debug|Any CPU
		{BD39CD61-FF8B-4639-B540-FFF9849A016E}.Debug|Any CPU.Build.0 = Debug|Any CPU
		{BD39CD61-FF8B-4639-B540-FFF9849A016E}.Release|Any CPU.ActiveCfg = Release|Any CPU
		{BD39CD61-FF8B-4639-B540-FFF9849A016E}.Release|Any CPU.Build.0 = Release|Any CPU
		{C6E40919-D3BB-4676-9E0A-609569BD0B76}.Debug|Any CPU.ActiveCfg = Debug|Any CPU
		{C6E40919-D3BB-4676-9E0A-609569BD0B76}.Debug|Any CPU.Build.0 = Debug|Any CPU
		{C6E40919-D3BB-4676-9E0A-609569BD0B76}.Release|Any CPU.ActiveCfg = Release|Any CPU
		{C6E40919-D3BB-4676-9E0A-609569BD0B76}.Release|Any CPU.Build.0 = Release|Any CPU
		{5F1FB77B-DEAC-4098-9522-164E635D1C2B}.Debug|Any CPU.ActiveCfg = Debug|Any CPU
		{5F1FB77B-DEAC-4098-9522-164E635D1C2B}.Debug|Any CPU.Build.0 = Debug|Any CPU
		{5F1FB77B-DEAC-4098-9522-164E635D1C2B}.Release|Any CPU.ActiveCfg = Release|Any CPU
		{5F1FB77B-DEAC-4098-9522-164E635D1C2B}.Release|Any CPU.Build.0 = Release|Any CPU
		{C5E5DD1D-B953-4FF6-B8AA-41B02BE9C609}.Debug|Any CPU.ActiveCfg = Debug|Any CPU
		{C5E5DD1D-B953-4FF6-B8AA-41B02BE9C609}.Debug|Any CPU.Build.0 = Debug|Any CPU
		{C5E5DD1D-B953-4FF6-B8AA-41B02BE9C609}.Release|Any CPU.ActiveCfg = Release|Any CPU
		{C5E5DD1D-B953-4FF6-B8AA-41B02BE9C609}.Release|Any CPU.Build.0 = Release|Any CPU
		{B3B3E828-1D4C-4005-9190-D58A1176267E}.Debug|Any CPU.ActiveCfg = Debug|Any CPU
		{B3B3E828-1D4C-4005-9190-D58A1176267E}.Debug|Any CPU.Build.0 = Debug|Any CPU
		{B3B3E828-1D4C-4005-9190-D58A1176267E}.Release|Any CPU.ActiveCfg = Release|Any CPU
		{B3B3E828-1D4C-4005-9190-D58A1176267E}.Release|Any CPU.Build.0 = Release|Any CPU
		{3268CBB8-1E06-4A9A-B0C3-B9BEC20A1DC2}.Debug|Any CPU.ActiveCfg = Debug|Any CPU
		{3268CBB8-1E06-4A9A-B0C3-B9BEC20A1DC2}.Debug|Any CPU.Build.0 = Debug|Any CPU
		{3268CBB8-1E06-4A9A-B0C3-B9BEC20A1DC2}.Release|Any CPU.ActiveCfg = Release|Any CPU
		{3268CBB8-1E06-4A9A-B0C3-B9BEC20A1DC2}.Release|Any CPU.Build.0 = Release|Any CPU
		{A5E95504-6C7A-4043-8A08-1E6291EA3235}.Debug|Any CPU.ActiveCfg = Debug|Any CPU
		{A5E95504-6C7A-4043-8A08-1E6291EA3235}.Debug|Any CPU.Build.0 = Debug|Any CPU
		{A5E95504-6C7A-4043-8A08-1E6291EA3235}.Release|Any CPU.ActiveCfg = Release|Any CPU
		{A5E95504-6C7A-4043-8A08-1E6291EA3235}.Release|Any CPU.Build.0 = Release|Any CPU
		{E0AF9447-BF2E-4C64-91AB-D87AC303211C}.Debug|Any CPU.ActiveCfg = Debug|Any CPU
		{E0AF9447-BF2E-4C64-91AB-D87AC303211C}.Debug|Any CPU.Build.0 = Debug|Any CPU
		{E0AF9447-BF2E-4C64-91AB-D87AC303211C}.Release|Any CPU.ActiveCfg = Release|Any CPU
		{E0AF9447-BF2E-4C64-91AB-D87AC303211C}.Release|Any CPU.Build.0 = Release|Any CPU
		{0056C10F-E875-4BF5-B784-7D09F2E00173}.Debug|Any CPU.ActiveCfg = Debug|Any CPU
		{0056C10F-E875-4BF5-B784-7D09F2E00173}.Debug|Any CPU.Build.0 = Debug|Any CPU
		{0056C10F-E875-4BF5-B784-7D09F2E00173}.Release|Any CPU.ActiveCfg = Release|Any CPU
		{0056C10F-E875-4BF5-B784-7D09F2E00173}.Release|Any CPU.Build.0 = Release|Any CPU
		{0DBA86A5-D737-421A-B9FF-C42F26CD8C2F}.Debug|Any CPU.ActiveCfg = Debug|Any CPU
		{0DBA86A5-D737-421A-B9FF-C42F26CD8C2F}.Debug|Any CPU.Build.0 = Debug|Any CPU
		{0DBA86A5-D737-421A-B9FF-C42F26CD8C2F}.Release|Any CPU.ActiveCfg = Release|Any CPU
		{0DBA86A5-D737-421A-B9FF-C42F26CD8C2F}.Release|Any CPU.Build.0 = Release|Any CPU
		{D7072991-57EC-4C68-B3D5-D1B6D33CD05B}.Debug|Any CPU.ActiveCfg = Debug|Any CPU
		{D7072991-57EC-4C68-B3D5-D1B6D33CD05B}.Debug|Any CPU.Build.0 = Debug|Any CPU
		{D7072991-57EC-4C68-B3D5-D1B6D33CD05B}.Release|Any CPU.ActiveCfg = Release|Any CPU
		{D7072991-57EC-4C68-B3D5-D1B6D33CD05B}.Release|Any CPU.Build.0 = Release|Any CPU
		{11F557B3-6C0A-45CC-B8BD-A4BFF98040E0}.Debug|Any CPU.ActiveCfg = Debug|Any CPU
		{11F557B3-6C0A-45CC-B8BD-A4BFF98040E0}.Debug|Any CPU.Build.0 = Debug|Any CPU
		{11F557B3-6C0A-45CC-B8BD-A4BFF98040E0}.Release|Any CPU.ActiveCfg = Release|Any CPU
		{11F557B3-6C0A-45CC-B8BD-A4BFF98040E0}.Release|Any CPU.Build.0 = Release|Any CPU
		{87FE2285-ECFF-4DF7-A12E-DABA5EAC0D94}.Debug|Any CPU.ActiveCfg = Debug|Any CPU
		{87FE2285-ECFF-4DF7-A12E-DABA5EAC0D94}.Debug|Any CPU.Build.0 = Debug|Any CPU
		{87FE2285-ECFF-4DF7-A12E-DABA5EAC0D94}.Release|Any CPU.ActiveCfg = Release|Any CPU
		{87FE2285-ECFF-4DF7-A12E-DABA5EAC0D94}.Release|Any CPU.Build.0 = Release|Any CPU
		{851E8EBB-B67E-4385-B72E-9DEBDD67A590}.Debug|Any CPU.ActiveCfg = Debug|Any CPU
		{851E8EBB-B67E-4385-B72E-9DEBDD67A590}.Debug|Any CPU.Build.0 = Debug|Any CPU
		{851E8EBB-B67E-4385-B72E-9DEBDD67A590}.Release|Any CPU.ActiveCfg = Release|Any CPU
		{851E8EBB-B67E-4385-B72E-9DEBDD67A590}.Release|Any CPU.Build.0 = Release|Any CPU
		{8C5EDBA7-9F63-4979-8EF9-F9A473A654DE}.Debug|Any CPU.ActiveCfg = Debug|Any CPU
		{8C5EDBA7-9F63-4979-8EF9-F9A473A654DE}.Debug|Any CPU.Build.0 = Debug|Any CPU
		{8C5EDBA7-9F63-4979-8EF9-F9A473A654DE}.Release|Any CPU.ActiveCfg = Release|Any CPU
		{8C5EDBA7-9F63-4979-8EF9-F9A473A654DE}.Release|Any CPU.Build.0 = Release|Any CPU
	EndGlobalSection
	GlobalSection(SolutionProperties) = preSolution
		HideSolutionNode = FALSE
	EndGlobalSection
	GlobalSection(ExtensibilityGlobals) = postSolution
		SolutionGuid = {7CD85CE3-EFA6-4019-A71E-D8B7FE7794EC}
	EndGlobalSection
EndGlobal
