
Microsoft Visual Studio Solution File, Format Version 12.00
# Visual Studio 15
VisualStudioVersion = 15.0.27428.2043
MinimumVisualStudioVersion = 10.0.40219.1
Project("{FAE04EC0-301F-11D3-BF4B-00C04F79EFBC}") = "02. CheckBox", "02. CheckBox\02. CheckBox.csproj", "{8BCC4AF6-22FD-41B0-975D-676CD4253ECE}"
EndProject
Project("{FAE04EC0-301F-11D3-BF4B-00C04F79EFBC}") = "03. Radio Button", "03. Radio Button\03. Radio Button.csproj", "{E85EE117-A2D9-49BF-B3C0-E71985305492}"
EndProject
Project("{FAE04EC0-301F-11D3-BF4B-00C04F79EFBC}") = "04. DropDownMenu", "04. DropDownMenu\04. DropDownMenu.csproj", "{B3B3E828-1D4C-4005-9190-D58A1176267E}"
EndProject
Project("{FAE04EC0-301F-11D3-BF4B-00C04F79EFBC}") = "05. AlertBox", "05. AlertBox\05. AlertBox.csproj", "{D9AAF1E0-2A83-41F0-AE08-BA877E43A947}"
EndProject
Project("{FAE04EC0-301F-11D3-BF4B-00C04F79EFBC}") = "01. Input Text Box", "01. Textbox\01. Input Text Box.csproj", "{A89475B6-A3F5-4FCC-8E82-17C4B129C641}"
EndProject
Global
	GlobalSection(SolutionConfigurationPlatforms) = preSolution
		Debug|Any CPU = Debug|Any CPU
		Release|Any CPU = Release|Any CPU
	EndGlobalSection
	GlobalSection(ProjectConfigurationPlatforms) = postSolution
		{8BCC4AF6-22FD-41B0-975D-676CD4253ECE}.Debug|Any CPU.ActiveCfg = Debug|Any CPU
		{8BCC4AF6-22FD-41B0-975D-676CD4253ECE}.Debug|Any CPU.Build.0 = Debug|Any CPU
		{8BCC4AF6-22FD-41B0-975D-676CD4253ECE}.Release|Any CPU.ActiveCfg = Release|Any CPU
		{8BCC4AF6-22FD-41B0-975D-676CD4253ECE}.Release|Any CPU.Build.0 = Release|Any CPU
		{E85EE117-A2D9-49BF-B3C0-E71985305492}.Debug|Any CPU.ActiveCfg = Debug|Any CPU
		{E85EE117-A2D9-49BF-B3C0-E71985305492}.Debug|Any CPU.Build.0 = Debug|Any CPU
		{E85EE117-A2D9-49BF-B3C0-E71985305492}.Release|Any CPU.ActiveCfg = Release|Any CPU
		{E85EE117-A2D9-49BF-B3C0-E71985305492}.Release|Any CPU.Build.0 = Release|Any CPU
		{B3B3E828-1D4C-4005-9190-D58A1176267E}.Debug|Any CPU.ActiveCfg = Debug|Any CPU
		{B3B3E828-1D4C-4005-9190-D58A1176267E}.Debug|Any CPU.Build.0 = Debug|Any CPU
		{B3B3E828-1D4C-4005-9190-D58A1176267E}.Release|Any CPU.ActiveCfg = Release|Any CPU
		{B3B3E828-1D4C-4005-9190-D58A1176267E}.Release|Any CPU.Build.0 = Release|Any CPU
		{D9AAF1E0-2A83-41F0-AE08-BA877E43A947}.Debug|Any CPU.ActiveCfg = Debug|Any CPU
		{D9AAF1E0-2A83-41F0-AE08-BA877E43A947}.Debug|Any CPU.Build.0 = Debug|Any CPU
		{D9AAF1E0-2A83-41F0-AE08-BA877E43A947}.Release|Any CPU.ActiveCfg = Release|Any CPU
		{D9AAF1E0-2A83-41F0-AE08-BA877E43A947}.Release|Any CPU.Build.0 = Release|Any CPU
		{A89475B6-A3F5-4FCC-8E82-17C4B129C641}.Debug|Any CPU.ActiveCfg = Debug|Any CPU
		{A89475B6-A3F5-4FCC-8E82-17C4B129C641}.Debug|Any CPU.Build.0 = Debug|Any CPU
		{A89475B6-A3F5-4FCC-8E82-17C4B129C641}.Release|Any CPU.ActiveCfg = Release|Any CPU
		{A89475B6-A3F5-4FCC-8E82-17C4B129C641}.Release|Any CPU.Build.0 = Release|Any CPU
	EndGlobalSection
	GlobalSection(SolutionProperties) = preSolution
		HideSolutionNode = FALSE
	EndGlobalSection
	GlobalSection(ExtensibilityGlobals) = postSolution
		SolutionGuid = {48778C85-36BC-4C89-A8B8-BCE6B063C41C}
	EndGlobalSection
EndGlobal
